
Microsoft Visual Studio Solution File, Format Version 12.00
# Visual Studio 14
VisualStudioVersion = 14.0.22609.0
MinimumVisualStudioVersion = 10.0.40219.1
Project("{2150E333-8FDC-42A3-9474-1A3956D46DE8}") = "Artifacts", "Artifacts", "{DC93B4C6-C9A9-48DD-BDE1-7929348CB3E0}"
	ProjectSection(SolutionItems) = preProject
		Artifacts\Goals and Guidelines.txt = Artifacts\Goals and Guidelines.txt
		Artifacts\How To Build the Source Code.txt = Artifacts\How To Build the Source Code.txt
		Artifacts\How To Update Rx Using NuGet.txt = Artifacts\How To Update Rx Using NuGet.txt
	EndProjectSection
EndProject
Project("{2150E333-8FDC-42A3-9474-1A3956D46DE8}") = "Build", "Build", "{AE9594C3-3D8C-4CB0-88AB-E7DB358B98ED}"
	ProjectSection(SolutionItems) = preProject
		Build\Project.targets = Build\Project.targets
		Rxx.vssettings = Rxx.vssettings
		Build\RxxBuild.bat = Build\RxxBuild.bat
	EndProjectSection
EndProject
Project("{2150E333-8FDC-42A3-9474-1A3956D46DE8}") = "Testing", "Testing", "{7813925C-F1CD-4204-BD5B-8DBDC90D1685}"
EndProject
Project("{2150E333-8FDC-42A3-9474-1A3956D46DE8}") = "Units", "Units", "{F6F21A07-1E98-481E-AB39-D55340AB571B}"
EndProject
Project("{2150E333-8FDC-42A3-9474-1A3956D46DE8}") = "Labs", "Labs", "{C61969C1-533A-41ED-939B-F19C257536A2}"
EndProject
Project("{2150E333-8FDC-42A3-9474-1A3956D46DE8}") = "Source", "Source", "{6A01EF33-ABE6-4D18-9525-AFA78C664186}"
EndProject
Project("{2150E333-8FDC-42A3-9474-1A3956D46DE8}") = "Properties", "Properties", "{FBCF9F08-0D6A-4F61-9BA3-07F076168F0B}"
	ProjectSection(SolutionItems) = preProject
		Build\Properties\AssemblyInfoShared.cs = Build\Properties\AssemblyInfoShared.cs
		Build\Properties\CodeAnalysisDictionary.xml = Build\Properties\CodeAnalysisDictionary.xml
		Build\Properties\Rxx.ruleset = Build\Properties\Rxx.ruleset
		Settings.StyleCop = Settings.StyleCop
	EndProjectSection
EndProject
Project("{2150E333-8FDC-42A3-9474-1A3956D46DE8}") = "Snippets", "Snippets", "{2CB1BA08-9880-4705-A14B-D46DC2453071}"
	ProjectSection(SolutionItems) = preProject
		Build\Snippets\_Read Me.txt = Build\Snippets\_Read Me.txt
		Build\Snippets\layout.snippet = Build\Snippets\layout.snippet
	EndProjectSection
EndProject
Project("{2150E333-8FDC-42A3-9474-1A3956D46DE8}") = "Configuration", "Configuration", "{ACD2EB7F-24CC-478B-8699-04238179DD27}"
	ProjectSection(SolutionItems) = preProject
		Local.testsettings = Local.testsettings
		Rxx.vsmdi = Rxx.vsmdi
		TraceAndTestImpact.testsettings = TraceAndTestImpact.testsettings
	EndProjectSection
EndProject
Project("{FAE04EC0-301F-11D3-BF4B-00C04F79EFBC}") = "Rxx.UnitTests", "Testing\Rxx.UnitTests\Rxx.UnitTests.csproj", "{2B040F33-83C3-414E-B62C-894343171C09}"
EndProject
Project("{FAE04EC0-301F-11D3-BF4B-00C04F79EFBC}") = "Rxx.Labs", "Testing\Rxx.Labs\Rxx.Labs.csproj", "{EB68F9C7-42C9-4ABB-81E0-53F4836360A0}"
EndProject
Project("{2150E333-8FDC-42A3-9474-1A3956D46DE8}") = "Deployment", "Deployment", "{D81AB3E0-F9A2-4E2F-A593-61AB8CA5F218}"
	ProjectSection(SolutionItems) = preProject
		Deployment\Deployment Procedure.txt = Deployment\Deployment Procedure.txt
	EndProjectSection
EndProject
Project("{2150E333-8FDC-42A3-9474-1A3956D46DE8}") = "Documentation", "Documentation", "{04305E19-754E-48B1-A905-DC185F6F01B7}"
	ProjectSection(SolutionItems) = preProject
		Build\Documentation\Sandcastle Read Me.txt = Build\Documentation\Sandcastle Read Me.txt
	EndProjectSection
EndProject
Project("{2150E333-8FDC-42A3-9474-1A3956D46DE8}") = "Projects", "Projects", "{A77DADD0-8CB1-43E2-9907-635F590B0E13}"
	ProjectSection(SolutionItems) = preProject
		Build\Projects\Rxx.Bindings-Net40.targets = Build\Projects\Rxx.Bindings-Net40.targets
		Build\Projects\Rxx.Bindings-Net403-SL5-Win8-WP8.targets = Build\Projects\Rxx.Bindings-Net403-SL5-Win8-WP8.targets
		Build\Projects\Rxx.Bindings-Net451-Win81.targets = Build\Projects\Rxx.Bindings-Net451-Win81.targets
		Build\Projects\Rxx.Bindings-Net451.targets = Build\Projects\Rxx.Bindings-Net451.targets
		Build\Projects\Rxx.Bindings-Win81-WP81.targets = Build\Projects\Rxx.Bindings-Win81-WP81.targets
		Build\Projects\Rxx.Diagnostics-Net40.targets = Build\Projects\Rxx.Diagnostics-Net40.targets
		Build\Projects\Rxx.Diagnostics-Net451.targets = Build\Projects\Rxx.Diagnostics-Net451.targets
		Build\Projects\Rxx.Experimental-Net40.targets = Build\Projects\Rxx.Experimental-Net40.targets
		Build\Projects\Rxx.Experimental-Net403-SL5-Win8-WP8.targets = Build\Projects\Rxx.Experimental-Net403-SL5-Win8-WP8.targets
		Build\Projects\Rxx.Experimental-Net451-Win81.targets = Build\Projects\Rxx.Experimental-Net451-Win81.targets
		Build\Projects\Rxx.Experimental-Net451.targets = Build\Projects\Rxx.Experimental-Net451.targets
		Build\Projects\Rxx.Experimental-Win81-WP81.targets = Build\Projects\Rxx.Experimental-Win81-WP81.targets
		Build\Projects\Rxx.Labs.targets = Build\Projects\Rxx.Labs.targets
		Build\Projects\Rxx.Linq-Net40.targets = Build\Projects\Rxx.Linq-Net40.targets
		Build\Projects\Rxx.Linq-Net403-SL5-Win8-WP8.targets = Build\Projects\Rxx.Linq-Net403-SL5-Win8-WP8.targets
		Build\Projects\Rxx.Linq-Net451-Win81.targets = Build\Projects\Rxx.Linq-Net451-Win81.targets
		Build\Projects\Rxx.Linq-Net451.targets = Build\Projects\Rxx.Linq-Net451.targets
		Build\Projects\Rxx.Linq-Win81-WP81.targets = Build\Projects\Rxx.Linq-Win81-WP81.targets
		Build\Projects\Rxx.Parsers-Net40.targets = Build\Projects\Rxx.Parsers-Net40.targets
		Build\Projects\Rxx.Parsers-Net403-SL5-Win8-WP8.targets = Build\Projects\Rxx.Parsers-Net403-SL5-Win8-WP8.targets
		Build\Projects\Rxx.Parsers-Net451-Win81.targets = Build\Projects\Rxx.Parsers-Net451-Win81.targets
		Build\Projects\Rxx.Parsers-Net451.targets = Build\Projects\Rxx.Parsers-Net451.targets
		Build\Projects\Rxx.Parsers-Win81-WP81.targets = Build\Projects\Rxx.Parsers-Win81-WP81.targets
		Build\Projects\Rxx.Server-Net40.targets = Build\Projects\Rxx.Server-Net40.targets
		Build\Projects\Rxx.Server-Net451.targets = Build\Projects\Rxx.Server-Net451.targets
		Build\Projects\Rxx.UnitTests.targets = Build\Projects\Rxx.UnitTests.targets
	EndProjectSection
EndProject
Project("{2150E333-8FDC-42A3-9474-1A3956D46DE8}") = ".nuget", ".nuget", "{5B9350BE-4C1A-4CB6-BD49-CD0E6D0C6123}"
	ProjectSection(SolutionItems) = preProject
		.nuget\NuGet.Config = .nuget\NuGet.Config
		.nuget\NuGet.exe = .nuget\NuGet.exe
		.nuget\NuGet.targets = .nuget\NuGet.targets
	EndProjectSection
EndProject
Project("{FAE04EC0-301F-11D3-BF4B-00C04F79EFBC}") = "Rxx.Parsers-Net451", "Source\Rxx.Parsers-Net451\Rxx.Parsers-Net451.csproj", "{55C668AB-C93F-45E5-BC49-8ADF3AB5BF3A}"
	ProjectSection(ProjectDependencies) = postProject
		{AEB0941F-C278-4583-858F-6E5387E97C87} = {AEB0941F-C278-4583-858F-6E5387E97C87}
		{EB95F02E-3934-4967-8802-8DE85451832F} = {EB95F02E-3934-4967-8802-8DE85451832F}
		{1656FD72-2C59-4A44-BF12-BAB87F4DF1F6} = {1656FD72-2C59-4A44-BF12-BAB87F4DF1F6}
		{EAE3F1A5-8FCB-48D4-A30A-842A458C9F4F} = {EAE3F1A5-8FCB-48D4-A30A-842A458C9F4F}
		{FE8334BD-B1FB-4C25-8952-6DF6DDDD7377} = {FE8334BD-B1FB-4C25-8952-6DF6DDDD7377}
		{9B2328C2-508A-49C9-99B1-780A5282ED75} = {9B2328C2-508A-49C9-99B1-780A5282ED75}
		{2965F6C3-133E-4F4A-BC39-05643431EDAB} = {2965F6C3-133E-4F4A-BC39-05643431EDAB}
		{A2BDC9C8-E9E6-408E-8AD8-33C5BD6AAC1B} = {A2BDC9C8-E9E6-408E-8AD8-33C5BD6AAC1B}
		{145AA2E0-72DE-4AC0-BEEE-BC7C469249B2} = {145AA2E0-72DE-4AC0-BEEE-BC7C469249B2}
		{49281AE2-30E7-4FE1-A4BB-83F4FB6C8999} = {49281AE2-30E7-4FE1-A4BB-83F4FB6C8999}
		{858FDFEC-B3CE-4B5A-A76E-C8E132B60387} = {858FDFEC-B3CE-4B5A-A76E-C8E132B60387}
		{2530D3F9-687F-4675-A0CB-363D9C0D1015} = {2530D3F9-687F-4675-A0CB-363D9C0D1015}
		{F1C99FFB-66CD-473A-8C66-956B8A6D04A6} = {F1C99FFB-66CD-473A-8C66-956B8A6D04A6}
	EndProjectSection
EndProject
Project("{FAE04EC0-301F-11D3-BF4B-00C04F79EFBC}") = "Rxx.Bindings-Net451", "Source\Rxx.Bindings-Net451\Rxx.Bindings-Net451.csproj", "{145AA2E0-72DE-4AC0-BEEE-BC7C469249B2}"
	ProjectSection(ProjectDependencies) = postProject
		{EB95F02E-3934-4967-8802-8DE85451832F} = {EB95F02E-3934-4967-8802-8DE85451832F}
		{FE8334BD-B1FB-4C25-8952-6DF6DDDD7377} = {FE8334BD-B1FB-4C25-8952-6DF6DDDD7377}
		{9B2328C2-508A-49C9-99B1-780A5282ED75} = {9B2328C2-508A-49C9-99B1-780A5282ED75}
		{A2BDC9C8-E9E6-408E-8AD8-33C5BD6AAC1B} = {A2BDC9C8-E9E6-408E-8AD8-33C5BD6AAC1B}
		{49281AE2-30E7-4FE1-A4BB-83F4FB6C8999} = {49281AE2-30E7-4FE1-A4BB-83F4FB6C8999}
		{858FDFEC-B3CE-4B5A-A76E-C8E132B60387} = {858FDFEC-B3CE-4B5A-A76E-C8E132B60387}
		{2530D3F9-687F-4675-A0CB-363D9C0D1015} = {2530D3F9-687F-4675-A0CB-363D9C0D1015}
		{F1C99FFB-66CD-473A-8C66-956B8A6D04A6} = {F1C99FFB-66CD-473A-8C66-956B8A6D04A6}
	EndProjectSection
EndProject
Project("{FAE04EC0-301F-11D3-BF4B-00C04F79EFBC}") = "Rxx.Diagnostics-Net451", "Source\Rxx.Diagnostics-Net451\Rxx.Diagnostics-Net451.csproj", "{8078A82A-F888-476D-83FE-395D2B4003C9}"
	ProjectSection(ProjectDependencies) = postProject
		{72156215-CA6C-4C2B-A9FE-DC519C1DACA9} = {72156215-CA6C-4C2B-A9FE-DC519C1DACA9}
		{EB95F02E-3934-4967-8802-8DE85451832F} = {EB95F02E-3934-4967-8802-8DE85451832F}
		{FE8334BD-B1FB-4C25-8952-6DF6DDDD7377} = {FE8334BD-B1FB-4C25-8952-6DF6DDDD7377}
		{9B2328C2-508A-49C9-99B1-780A5282ED75} = {9B2328C2-508A-49C9-99B1-780A5282ED75}
		{A2BDC9C8-E9E6-408E-8AD8-33C5BD6AAC1B} = {A2BDC9C8-E9E6-408E-8AD8-33C5BD6AAC1B}
		{145AA2E0-72DE-4AC0-BEEE-BC7C469249B2} = {145AA2E0-72DE-4AC0-BEEE-BC7C469249B2}
		{49281AE2-30E7-4FE1-A4BB-83F4FB6C8999} = {49281AE2-30E7-4FE1-A4BB-83F4FB6C8999}
		{858FDFEC-B3CE-4B5A-A76E-C8E132B60387} = {858FDFEC-B3CE-4B5A-A76E-C8E132B60387}
		{2530D3F9-687F-4675-A0CB-363D9C0D1015} = {2530D3F9-687F-4675-A0CB-363D9C0D1015}
		{F1C99FFB-66CD-473A-8C66-956B8A6D04A6} = {F1C99FFB-66CD-473A-8C66-956B8A6D04A6}
	EndProjectSection
EndProject
Project("{FAE04EC0-301F-11D3-BF4B-00C04F79EFBC}") = "Rxx.Server-Net451", "Source\Rxx.Server-Net451\Rxx.Server-Net451.csproj", "{EF881DAA-FBAB-40AF-9EF7-230D2914D0CE}"
	ProjectSection(ProjectDependencies) = postProject
		{72156215-CA6C-4C2B-A9FE-DC519C1DACA9} = {72156215-CA6C-4C2B-A9FE-DC519C1DACA9}
		{EB95F02E-3934-4967-8802-8DE85451832F} = {EB95F02E-3934-4967-8802-8DE85451832F}
		{FE8334BD-B1FB-4C25-8952-6DF6DDDD7377} = {FE8334BD-B1FB-4C25-8952-6DF6DDDD7377}
		{9B2328C2-508A-49C9-99B1-780A5282ED75} = {9B2328C2-508A-49C9-99B1-780A5282ED75}
		{A2BDC9C8-E9E6-408E-8AD8-33C5BD6AAC1B} = {A2BDC9C8-E9E6-408E-8AD8-33C5BD6AAC1B}
		{145AA2E0-72DE-4AC0-BEEE-BC7C469249B2} = {145AA2E0-72DE-4AC0-BEEE-BC7C469249B2}
		{49281AE2-30E7-4FE1-A4BB-83F4FB6C8999} = {49281AE2-30E7-4FE1-A4BB-83F4FB6C8999}
		{858FDFEC-B3CE-4B5A-A76E-C8E132B60387} = {858FDFEC-B3CE-4B5A-A76E-C8E132B60387}
		{2530D3F9-687F-4675-A0CB-363D9C0D1015} = {2530D3F9-687F-4675-A0CB-363D9C0D1015}
		{F1C99FFB-66CD-473A-8C66-956B8A6D04A6} = {F1C99FFB-66CD-473A-8C66-956B8A6D04A6}
	EndProjectSection
EndProject
Project("{2150E333-8FDC-42A3-9474-1A3956D46DE8}") = "Portables", "Portables", "{589406E8-9A91-4083-AE65-DD0731178D1A}"
EndProject
Project("{FAE04EC0-301F-11D3-BF4B-00C04F79EFBC}") = "Rxx.Experimental-Net451", "Source\Rxx.Experimental-Net451\Rxx.Experimental-Net451.csproj", "{5C59CF0A-A0E1-4A74-A671-B70199085B1E}"
	ProjectSection(ProjectDependencies) = postProject
		{EB95F02E-3934-4967-8802-8DE85451832F} = {EB95F02E-3934-4967-8802-8DE85451832F}
		{5B81A7B3-7FB6-45F0-9575-324EB283EB07} = {5B81A7B3-7FB6-45F0-9575-324EB283EB07}
		{FE8334BD-B1FB-4C25-8952-6DF6DDDD7377} = {FE8334BD-B1FB-4C25-8952-6DF6DDDD7377}
		{9B2328C2-508A-49C9-99B1-780A5282ED75} = {9B2328C2-508A-49C9-99B1-780A5282ED75}
		{AC1EE6C6-3C75-41AC-B644-553E19CE989E} = {AC1EE6C6-3C75-41AC-B644-553E19CE989E}
		{A2BDC9C8-E9E6-408E-8AD8-33C5BD6AAC1B} = {A2BDC9C8-E9E6-408E-8AD8-33C5BD6AAC1B}
		{145AA2E0-72DE-4AC0-BEEE-BC7C469249B2} = {145AA2E0-72DE-4AC0-BEEE-BC7C469249B2}
		{49281AE2-30E7-4FE1-A4BB-83F4FB6C8999} = {49281AE2-30E7-4FE1-A4BB-83F4FB6C8999}
		{190F5FEA-6B15-450F-8AD7-91194BBE2E68} = {190F5FEA-6B15-450F-8AD7-91194BBE2E68}
		{858FDFEC-B3CE-4B5A-A76E-C8E132B60387} = {858FDFEC-B3CE-4B5A-A76E-C8E132B60387}
		{45125BED-453E-4CFA-8334-23F4C76EC655} = {45125BED-453E-4CFA-8334-23F4C76EC655}
		{2530D3F9-687F-4675-A0CB-363D9C0D1015} = {2530D3F9-687F-4675-A0CB-363D9C0D1015}
		{F1C99FFB-66CD-473A-8C66-956B8A6D04A6} = {F1C99FFB-66CD-473A-8C66-956B8A6D04A6}
	EndProjectSection
EndProject
Project("{FAE04EC0-301F-11D3-BF4B-00C04F79EFBC}") = "Rxx.Linq-Win81-WP81", "Source\Rxx.Linq-Win81-WP81\Rxx.Linq-Win81-WP81.csproj", "{EB95F02E-3934-4967-8802-8DE85451832F}"
EndProject
Project("{FAE04EC0-301F-11D3-BF4B-00C04F79EFBC}") = "Rxx.Linq-Net451-Win81", "Source\Rxx.Linq-Net451-Win81\Rxx.Linq-Net451-Win81.csproj", "{A2BDC9C8-E9E6-408E-8AD8-33C5BD6AAC1B}"
EndProject
Project("{FAE04EC0-301F-11D3-BF4B-00C04F79EFBC}") = "Rxx.Linq-Net403-SL5-Win8-WP8", "Source\Rxx.Linq-Net403-SL5-Win8-WP8\Rxx.Linq-Net403-SL5-Win8-WP8.csproj", "{858FDFEC-B3CE-4B5A-A76E-C8E132B60387}"
EndProject
Project("{FAE04EC0-301F-11D3-BF4B-00C04F79EFBC}") = "Rxx.Parsers-Net403-SL5-Win8-WP8", "Source\Rxx.Parsers-Net403-SL5-Win8-WP8\Rxx.Parsers-Net403-SL5-Win8-WP8.csproj", "{EAE3F1A5-8FCB-48D4-A30A-842A458C9F4F}"
EndProject
Project("{FAE04EC0-301F-11D3-BF4B-00C04F79EFBC}") = "Rxx.Parsers-Net451-Win81", "Source\Rxx.Parsers-Net451-Win81\Rxx.Parsers-Net451-Win81.csproj", "{1656FD72-2C59-4A44-BF12-BAB87F4DF1F6}"
EndProject
Project("{FAE04EC0-301F-11D3-BF4B-00C04F79EFBC}") = "Rxx.Parsers-Win81-WP81", "Source\Rxx.Parsers-Win81-WP81\Rxx.Parsers-Win81-WP81.csproj", "{2965F6C3-133E-4F4A-BC39-05643431EDAB}"
EndProject
Project("{FAE04EC0-301F-11D3-BF4B-00C04F79EFBC}") = "Rxx.Experimental-Net403-SL5-Win8-WP8", "Source\Rxx.Experimental-Net403-SL5-Win8-WP8\Rxx.Experimental-Net403-SL5-Win8-WP8.csproj", "{190F5FEA-6B15-450F-8AD7-91194BBE2E68}"
EndProject
Project("{FAE04EC0-301F-11D3-BF4B-00C04F79EFBC}") = "Rxx.Experimental-Win81-WP81", "Source\Rxx.Experimental-Win81-WP81\Rxx.Experimental-Win81-WP81.csproj", "{AC1EE6C6-3C75-41AC-B644-553E19CE989E}"
EndProject
Project("{FAE04EC0-301F-11D3-BF4B-00C04F79EFBC}") = "Rxx.Experimental-Net451-Win81", "Source\Rxx.Experimental-Net451-Win81\Rxx.Experimental-Net451-Win81.csproj", "{5B81A7B3-7FB6-45F0-9575-324EB283EB07}"
EndProject
Project("{FAE04EC0-301F-11D3-BF4B-00C04F79EFBC}") = "Rxx.Bindings-Net403-SL5-Win8-WP8", "Source\Rxx.Bindings-Net403-SL5-Win8-WP8\Rxx.Bindings-Net403-SL5-Win8-WP8.csproj", "{9B2328C2-508A-49C9-99B1-780A5282ED75}"
EndProject
Project("{FAE04EC0-301F-11D3-BF4B-00C04F79EFBC}") = "Rxx.Bindings-Net451-Win81", "Source\Rxx.Bindings-Net451-Win81\Rxx.Bindings-Net451-Win81.csproj", "{F1C99FFB-66CD-473A-8C66-956B8A6D04A6}"
EndProject
Project("{FAE04EC0-301F-11D3-BF4B-00C04F79EFBC}") = "Rxx.Bindings-Win81-WP81", "Source\Rxx.Bindings-Win81-WP81\Rxx.Bindings-Win81-WP81.csproj", "{49281AE2-30E7-4FE1-A4BB-83F4FB6C8999}"
EndProject
Project("{FAE04EC0-301F-11D3-BF4B-00C04F79EFBC}") = "Rxx.Linq-Net451", "Source\Rxx.Linq-Net451\Rxx.Linq-Net451.csproj", "{72156215-CA6C-4C2B-A9FE-DC519C1DACA9}"
	ProjectSection(ProjectDependencies) = postProject
		{EB95F02E-3934-4967-8802-8DE85451832F} = {EB95F02E-3934-4967-8802-8DE85451832F}
		{FE8334BD-B1FB-4C25-8952-6DF6DDDD7377} = {FE8334BD-B1FB-4C25-8952-6DF6DDDD7377}
		{A2BDC9C8-E9E6-408E-8AD8-33C5BD6AAC1B} = {A2BDC9C8-E9E6-408E-8AD8-33C5BD6AAC1B}
		{858FDFEC-B3CE-4B5A-A76E-C8E132B60387} = {858FDFEC-B3CE-4B5A-A76E-C8E132B60387}
	EndProjectSection
EndProject
Project("{FAE04EC0-301F-11D3-BF4B-00C04F79EFBC}") = "Rxx", "Source\Rxx\Rxx.csproj", "{BB21496A-6494-46B1-B6C3-DB9A22EB9BF3}"
	ProjectSection(ProjectDependencies) = postProject
		{5C59CF0A-A0E1-4A74-A671-B70199085B1E} = {5C59CF0A-A0E1-4A74-A671-B70199085B1E}
		{EB95F02E-3934-4967-8802-8DE85451832F} = {EB95F02E-3934-4967-8802-8DE85451832F}
		{1656FD72-2C59-4A44-BF12-BAB87F4DF1F6} = {1656FD72-2C59-4A44-BF12-BAB87F4DF1F6}
		{EAE3F1A5-8FCB-48D4-A30A-842A458C9F4F} = {EAE3F1A5-8FCB-48D4-A30A-842A458C9F4F}
		{5B81A7B3-7FB6-45F0-9575-324EB283EB07} = {5B81A7B3-7FB6-45F0-9575-324EB283EB07}
		{9B2328C2-508A-49C9-99B1-780A5282ED75} = {9B2328C2-508A-49C9-99B1-780A5282ED75}
		{2965F6C3-133E-4F4A-BC39-05643431EDAB} = {2965F6C3-133E-4F4A-BC39-05643431EDAB}
		{AC1EE6C6-3C75-41AC-B644-553E19CE989E} = {AC1EE6C6-3C75-41AC-B644-553E19CE989E}
		{A2BDC9C8-E9E6-408E-8AD8-33C5BD6AAC1B} = {A2BDC9C8-E9E6-408E-8AD8-33C5BD6AAC1B}
		{49281AE2-30E7-4FE1-A4BB-83F4FB6C8999} = {49281AE2-30E7-4FE1-A4BB-83F4FB6C8999}
		{190F5FEA-6B15-450F-8AD7-91194BBE2E68} = {190F5FEA-6B15-450F-8AD7-91194BBE2E68}
		{858FDFEC-B3CE-4B5A-A76E-C8E132B60387} = {858FDFEC-B3CE-4B5A-A76E-C8E132B60387}
		{F1C99FFB-66CD-473A-8C66-956B8A6D04A6} = {F1C99FFB-66CD-473A-8C66-956B8A6D04A6}
	EndProjectSection
EndProject
Project("{2150E333-8FDC-42A3-9474-1A3956D46DE8}") = "Net40", "Net40", "{C98A0DD5-CF2A-4E10-B849-B5E90CD9614D}"
EndProject
Project("{2150E333-8FDC-42A3-9474-1A3956D46DE8}") = "Net451", "Net451", "{17B26E2F-A849-402A-9001-611380AC9442}"
EndProject
Project("{FAE04EC0-301F-11D3-BF4B-00C04F79EFBC}") = "Rxx.Linq-Net40", "Source\Rxx.Linq-Net40\Rxx.Linq-Net40.csproj", "{FE8334BD-B1FB-4C25-8952-6DF6DDDD7377}"
EndProject
Project("{FAE04EC0-301F-11D3-BF4B-00C04F79EFBC}") = "Rxx.Bindings-Net40", "Source\Rxx.Bindings-Net40\Rxx.Bindings-Net40.csproj", "{2530D3F9-687F-4675-A0CB-363D9C0D1015}"
EndProject
Project("{FAE04EC0-301F-11D3-BF4B-00C04F79EFBC}") = "Rxx.Experimental-Net40", "Source\Rxx.Experimental-Net40\Rxx.Experimental-Net40.csproj", "{45125BED-453E-4CFA-8334-23F4C76EC655}"
EndProject
Project("{FAE04EC0-301F-11D3-BF4B-00C04F79EFBC}") = "Rxx.Parsers-Net40", "Source\Rxx.Parsers-Net40\Rxx.Parsers-Net40.csproj", "{AEB0941F-C278-4583-858F-6E5387E97C87}"
	ProjectSection(ProjectDependencies) = postProject
		{72156215-CA6C-4C2B-A9FE-DC519C1DACA9} = {72156215-CA6C-4C2B-A9FE-DC519C1DACA9}
		{EB95F02E-3934-4967-8802-8DE85451832F} = {EB95F02E-3934-4967-8802-8DE85451832F}
		{A2BDC9C8-E9E6-408E-8AD8-33C5BD6AAC1B} = {A2BDC9C8-E9E6-408E-8AD8-33C5BD6AAC1B}
		{858FDFEC-B3CE-4B5A-A76E-C8E132B60387} = {858FDFEC-B3CE-4B5A-A76E-C8E132B60387}
	EndProjectSection
EndProject
Project("{FAE04EC0-301F-11D3-BF4B-00C04F79EFBC}") = "Rxx.Diagnostics-Net40", "Source\Rxx.Diagnostics-Net40\Rxx.Diagnostics-Net40.csproj", "{37478A95-8F51-43C0-9D0E-0675A16279DE}"
EndProject
Project("{FAE04EC0-301F-11D3-BF4B-00C04F79EFBC}") = "Rxx.Server-Net40", "Source\Rxx.Server-Net40\Rxx.Server-Net40.csproj", "{51F41B82-0DE4-43D8-B64D-5CA27AEB349E}"
EndProject
Global
	GlobalSection(SolutionConfigurationPlatforms) = preSolution
		Analysis|Any CPU = Analysis|Any CPU
		Analysis|ARM = Analysis|ARM
		Analysis|x86 = Analysis|x86
		Debug|Any CPU = Debug|Any CPU
		Debug|ARM = Debug|ARM
		Debug|x86 = Debug|x86
		Profiling|Any CPU = Profiling|Any CPU
		Profiling|ARM = Profiling|ARM
		Profiling|x86 = Profiling|x86
		Release|Any CPU = Release|Any CPU
		Release|ARM = Release|ARM
		Release|x86 = Release|x86
	EndGlobalSection
	GlobalSection(ProjectConfigurationPlatforms) = postSolution
		{2B040F33-83C3-414E-B62C-894343171C09}.Analysis|Any CPU.ActiveCfg = Analysis|Any CPU
		{2B040F33-83C3-414E-B62C-894343171C09}.Analysis|Any CPU.Build.0 = Analysis|Any CPU
		{2B040F33-83C3-414E-B62C-894343171C09}.Analysis|ARM.ActiveCfg = Analysis|Any CPU
		{2B040F33-83C3-414E-B62C-894343171C09}.Analysis|x86.ActiveCfg = Analysis|Any CPU
		{2B040F33-83C3-414E-B62C-894343171C09}.Debug|Any CPU.ActiveCfg = Debug|Any CPU
		{2B040F33-83C3-414E-B62C-894343171C09}.Debug|Any CPU.Build.0 = Debug|Any CPU
		{2B040F33-83C3-414E-B62C-894343171C09}.Debug|ARM.ActiveCfg = Debug|Any CPU
		{2B040F33-83C3-414E-B62C-894343171C09}.Debug|x86.ActiveCfg = Debug|Any CPU
		{2B040F33-83C3-414E-B62C-894343171C09}.Profiling|Any CPU.ActiveCfg = Profiling|Any CPU
		{2B040F33-83C3-414E-B62C-894343171C09}.Profiling|Any CPU.Build.0 = Profiling|Any CPU
		{2B040F33-83C3-414E-B62C-894343171C09}.Profiling|ARM.ActiveCfg = Profiling|Any CPU
		{2B040F33-83C3-414E-B62C-894343171C09}.Profiling|x86.ActiveCfg = Profiling|Any CPU
		{2B040F33-83C3-414E-B62C-894343171C09}.Release|Any CPU.ActiveCfg = Release|Any CPU
		{2B040F33-83C3-414E-B62C-894343171C09}.Release|Any CPU.Build.0 = Release|Any CPU
		{2B040F33-83C3-414E-B62C-894343171C09}.Release|ARM.ActiveCfg = Release|Any CPU
		{2B040F33-83C3-414E-B62C-894343171C09}.Release|x86.ActiveCfg = Release|Any CPU
		{EB68F9C7-42C9-4ABB-81E0-53F4836360A0}.Analysis|Any CPU.ActiveCfg = Analysis|Any CPU
		{EB68F9C7-42C9-4ABB-81E0-53F4836360A0}.Analysis|Any CPU.Build.0 = Analysis|Any CPU
		{EB68F9C7-42C9-4ABB-81E0-53F4836360A0}.Analysis|ARM.ActiveCfg = Analysis|Any CPU
		{EB68F9C7-42C9-4ABB-81E0-53F4836360A0}.Analysis|x86.ActiveCfg = Analysis|Any CPU
		{EB68F9C7-42C9-4ABB-81E0-53F4836360A0}.Debug|Any CPU.ActiveCfg = Debug|Any CPU
		{EB68F9C7-42C9-4ABB-81E0-53F4836360A0}.Debug|Any CPU.Build.0 = Debug|Any CPU
		{EB68F9C7-42C9-4ABB-81E0-53F4836360A0}.Debug|ARM.ActiveCfg = Debug|Any CPU
		{EB68F9C7-42C9-4ABB-81E0-53F4836360A0}.Debug|x86.ActiveCfg = Debug|Any CPU
		{EB68F9C7-42C9-4ABB-81E0-53F4836360A0}.Profiling|Any CPU.ActiveCfg = Profiling|Any CPU
		{EB68F9C7-42C9-4ABB-81E0-53F4836360A0}.Profiling|Any CPU.Build.0 = Profiling|Any CPU
		{EB68F9C7-42C9-4ABB-81E0-53F4836360A0}.Profiling|ARM.ActiveCfg = Profiling|Any CPU
		{EB68F9C7-42C9-4ABB-81E0-53F4836360A0}.Profiling|x86.ActiveCfg = Profiling|Any CPU
		{EB68F9C7-42C9-4ABB-81E0-53F4836360A0}.Release|Any CPU.ActiveCfg = Release|Any CPU
		{EB68F9C7-42C9-4ABB-81E0-53F4836360A0}.Release|Any CPU.Build.0 = Release|Any CPU
		{EB68F9C7-42C9-4ABB-81E0-53F4836360A0}.Release|ARM.ActiveCfg = Release|Any CPU
		{EB68F9C7-42C9-4ABB-81E0-53F4836360A0}.Release|x86.ActiveCfg = Release|Any CPU
		{55C668AB-C93F-45E5-BC49-8ADF3AB5BF3A}.Analysis|Any CPU.ActiveCfg = Analysis|Any CPU
		{55C668AB-C93F-45E5-BC49-8ADF3AB5BF3A}.Analysis|Any CPU.Build.0 = Analysis|Any CPU
		{55C668AB-C93F-45E5-BC49-8ADF3AB5BF3A}.Analysis|ARM.ActiveCfg = Analysis|Any CPU
		{55C668AB-C93F-45E5-BC49-8ADF3AB5BF3A}.Analysis|x86.ActiveCfg = Analysis|Any CPU
		{55C668AB-C93F-45E5-BC49-8ADF3AB5BF3A}.Debug|Any CPU.ActiveCfg = Debug|Any CPU
		{55C668AB-C93F-45E5-BC49-8ADF3AB5BF3A}.Debug|Any CPU.Build.0 = Debug|Any CPU
		{55C668AB-C93F-45E5-BC49-8ADF3AB5BF3A}.Debug|ARM.ActiveCfg = Debug|Any CPU
		{55C668AB-C93F-45E5-BC49-8ADF3AB5BF3A}.Debug|x86.ActiveCfg = Debug|Any CPU
		{55C668AB-C93F-45E5-BC49-8ADF3AB5BF3A}.Profiling|Any CPU.ActiveCfg = Profiling|Any CPU
		{55C668AB-C93F-45E5-BC49-8ADF3AB5BF3A}.Profiling|Any CPU.Build.0 = Profiling|Any CPU
		{55C668AB-C93F-45E5-BC49-8ADF3AB5BF3A}.Profiling|ARM.ActiveCfg = Release|Any CPU
		{55C668AB-C93F-45E5-BC49-8ADF3AB5BF3A}.Profiling|x86.ActiveCfg = Release|Any CPU
		{55C668AB-C93F-45E5-BC49-8ADF3AB5BF3A}.Release|Any CPU.ActiveCfg = Release|Any CPU
		{55C668AB-C93F-45E5-BC49-8ADF3AB5BF3A}.Release|Any CPU.Build.0 = Release|Any CPU
		{55C668AB-C93F-45E5-BC49-8ADF3AB5BF3A}.Release|ARM.ActiveCfg = Release|Any CPU
		{55C668AB-C93F-45E5-BC49-8ADF3AB5BF3A}.Release|x86.ActiveCfg = Release|Any CPU
		{145AA2E0-72DE-4AC0-BEEE-BC7C469249B2}.Analysis|Any CPU.ActiveCfg = Analysis|Any CPU
		{145AA2E0-72DE-4AC0-BEEE-BC7C469249B2}.Analysis|Any CPU.Build.0 = Analysis|Any CPU
		{145AA2E0-72DE-4AC0-BEEE-BC7C469249B2}.Analysis|ARM.ActiveCfg = Analysis|Any CPU
		{145AA2E0-72DE-4AC0-BEEE-BC7C469249B2}.Analysis|x86.ActiveCfg = Analysis|Any CPU
		{145AA2E0-72DE-4AC0-BEEE-BC7C469249B2}.Debug|Any CPU.ActiveCfg = Debug|Any CPU
		{145AA2E0-72DE-4AC0-BEEE-BC7C469249B2}.Debug|Any CPU.Build.0 = Debug|Any CPU
		{145AA2E0-72DE-4AC0-BEEE-BC7C469249B2}.Debug|ARM.ActiveCfg = Debug|Any CPU
		{145AA2E0-72DE-4AC0-BEEE-BC7C469249B2}.Debug|x86.ActiveCfg = Debug|Any CPU
		{145AA2E0-72DE-4AC0-BEEE-BC7C469249B2}.Profiling|Any CPU.ActiveCfg = Profiling|Any CPU
		{145AA2E0-72DE-4AC0-BEEE-BC7C469249B2}.Profiling|Any CPU.Build.0 = Profiling|Any CPU
		{145AA2E0-72DE-4AC0-BEEE-BC7C469249B2}.Profiling|ARM.ActiveCfg = Release|Any CPU
		{145AA2E0-72DE-4AC0-BEEE-BC7C469249B2}.Profiling|x86.ActiveCfg = Release|Any CPU
		{145AA2E0-72DE-4AC0-BEEE-BC7C469249B2}.Release|Any CPU.ActiveCfg = Release|Any CPU
		{145AA2E0-72DE-4AC0-BEEE-BC7C469249B2}.Release|Any CPU.Build.0 = Release|Any CPU
		{145AA2E0-72DE-4AC0-BEEE-BC7C469249B2}.Release|ARM.ActiveCfg = Release|Any CPU
		{145AA2E0-72DE-4AC0-BEEE-BC7C469249B2}.Release|x86.ActiveCfg = Release|Any CPU
		{8078A82A-F888-476D-83FE-395D2B4003C9}.Analysis|Any CPU.ActiveCfg = Analysis|Any CPU
		{8078A82A-F888-476D-83FE-395D2B4003C9}.Analysis|Any CPU.Build.0 = Analysis|Any CPU
		{8078A82A-F888-476D-83FE-395D2B4003C9}.Analysis|ARM.ActiveCfg = Analysis|Any CPU
		{8078A82A-F888-476D-83FE-395D2B4003C9}.Analysis|x86.ActiveCfg = Analysis|Any CPU
		{8078A82A-F888-476D-83FE-395D2B4003C9}.Debug|Any CPU.ActiveCfg = Debug|Any CPU
		{8078A82A-F888-476D-83FE-395D2B4003C9}.Debug|Any CPU.Build.0 = Debug|Any CPU
		{8078A82A-F888-476D-83FE-395D2B4003C9}.Debug|ARM.ActiveCfg = Debug|Any CPU
		{8078A82A-F888-476D-83FE-395D2B4003C9}.Debug|x86.ActiveCfg = Debug|Any CPU
		{8078A82A-F888-476D-83FE-395D2B4003C9}.Profiling|Any CPU.ActiveCfg = Profiling|Any CPU
		{8078A82A-F888-476D-83FE-395D2B4003C9}.Profiling|Any CPU.Build.0 = Profiling|Any CPU
		{8078A82A-F888-476D-83FE-395D2B4003C9}.Profiling|ARM.ActiveCfg = Release|Any CPU
		{8078A82A-F888-476D-83FE-395D2B4003C9}.Profiling|x86.ActiveCfg = Release|Any CPU
		{8078A82A-F888-476D-83FE-395D2B4003C9}.Release|Any CPU.ActiveCfg = Release|Any CPU
		{8078A82A-F888-476D-83FE-395D2B4003C9}.Release|Any CPU.Build.0 = Release|Any CPU
		{8078A82A-F888-476D-83FE-395D2B4003C9}.Release|ARM.ActiveCfg = Release|Any CPU
		{8078A82A-F888-476D-83FE-395D2B4003C9}.Release|x86.ActiveCfg = Release|Any CPU
		{EF881DAA-FBAB-40AF-9EF7-230D2914D0CE}.Analysis|Any CPU.ActiveCfg = Analysis|Any CPU
		{EF881DAA-FBAB-40AF-9EF7-230D2914D0CE}.Analysis|Any CPU.Build.0 = Analysis|Any CPU
		{EF881DAA-FBAB-40AF-9EF7-230D2914D0CE}.Analysis|ARM.ActiveCfg = Analysis|Any CPU
		{EF881DAA-FBAB-40AF-9EF7-230D2914D0CE}.Analysis|x86.ActiveCfg = Analysis|Any CPU
		{EF881DAA-FBAB-40AF-9EF7-230D2914D0CE}.Debug|Any CPU.ActiveCfg = Debug|Any CPU
		{EF881DAA-FBAB-40AF-9EF7-230D2914D0CE}.Debug|Any CPU.Build.0 = Debug|Any CPU
		{EF881DAA-FBAB-40AF-9EF7-230D2914D0CE}.Debug|ARM.ActiveCfg = Debug|Any CPU
		{EF881DAA-FBAB-40AF-9EF7-230D2914D0CE}.Debug|x86.ActiveCfg = Debug|Any CPU
		{EF881DAA-FBAB-40AF-9EF7-230D2914D0CE}.Profiling|Any CPU.ActiveCfg = Profiling|Any CPU
		{EF881DAA-FBAB-40AF-9EF7-230D2914D0CE}.Profiling|Any CPU.Build.0 = Profiling|Any CPU
		{EF881DAA-FBAB-40AF-9EF7-230D2914D0CE}.Profiling|ARM.ActiveCfg = Release|Any CPU
		{EF881DAA-FBAB-40AF-9EF7-230D2914D0CE}.Profiling|x86.ActiveCfg = Release|Any CPU
		{EF881DAA-FBAB-40AF-9EF7-230D2914D0CE}.Release|Any CPU.ActiveCfg = Release|Any CPU
		{EF881DAA-FBAB-40AF-9EF7-230D2914D0CE}.Release|Any CPU.Build.0 = Release|Any CPU
		{EF881DAA-FBAB-40AF-9EF7-230D2914D0CE}.Release|ARM.ActiveCfg = Release|Any CPU
		{EF881DAA-FBAB-40AF-9EF7-230D2914D0CE}.Release|x86.ActiveCfg = Release|Any CPU
		{5C59CF0A-A0E1-4A74-A671-B70199085B1E}.Analysis|Any CPU.ActiveCfg = Analysis|Any CPU
		{5C59CF0A-A0E1-4A74-A671-B70199085B1E}.Analysis|Any CPU.Build.0 = Analysis|Any CPU
		{5C59CF0A-A0E1-4A74-A671-B70199085B1E}.Analysis|ARM.ActiveCfg = Analysis|Any CPU
		{5C59CF0A-A0E1-4A74-A671-B70199085B1E}.Analysis|x86.ActiveCfg = Analysis|Any CPU
		{5C59CF0A-A0E1-4A74-A671-B70199085B1E}.Debug|Any CPU.ActiveCfg = Debug|Any CPU
		{5C59CF0A-A0E1-4A74-A671-B70199085B1E}.Debug|Any CPU.Build.0 = Debug|Any CPU
		{5C59CF0A-A0E1-4A74-A671-B70199085B1E}.Debug|ARM.ActiveCfg = Debug|Any CPU
		{5C59CF0A-A0E1-4A74-A671-B70199085B1E}.Debug|x86.ActiveCfg = Debug|Any CPU
		{5C59CF0A-A0E1-4A74-A671-B70199085B1E}.Profiling|Any CPU.ActiveCfg = Profiling|Any CPU
		{5C59CF0A-A0E1-4A74-A671-B70199085B1E}.Profiling|Any CPU.Build.0 = Profiling|Any CPU
		{5C59CF0A-A0E1-4A74-A671-B70199085B1E}.Profiling|ARM.ActiveCfg = Release|Any CPU
		{5C59CF0A-A0E1-4A74-A671-B70199085B1E}.Profiling|x86.ActiveCfg = Release|Any CPU
		{5C59CF0A-A0E1-4A74-A671-B70199085B1E}.Release|Any CPU.ActiveCfg = Release|Any CPU
		{5C59CF0A-A0E1-4A74-A671-B70199085B1E}.Release|Any CPU.Build.0 = Release|Any CPU
		{5C59CF0A-A0E1-4A74-A671-B70199085B1E}.Release|ARM.ActiveCfg = Release|Any CPU
		{5C59CF0A-A0E1-4A74-A671-B70199085B1E}.Release|x86.ActiveCfg = Release|Any CPU
		{EB95F02E-3934-4967-8802-8DE85451832F}.Analysis|Any CPU.ActiveCfg = Analysis|Any CPU
		{EB95F02E-3934-4967-8802-8DE85451832F}.Analysis|Any CPU.Build.0 = Analysis|Any CPU
		{EB95F02E-3934-4967-8802-8DE85451832F}.Analysis|ARM.ActiveCfg = Analysis|Any CPU
		{EB95F02E-3934-4967-8802-8DE85451832F}.Analysis|x86.ActiveCfg = Analysis|Any CPU
		{EB95F02E-3934-4967-8802-8DE85451832F}.Debug|Any CPU.ActiveCfg = Debug|Any CPU
		{EB95F02E-3934-4967-8802-8DE85451832F}.Debug|Any CPU.Build.0 = Debug|Any CPU
		{EB95F02E-3934-4967-8802-8DE85451832F}.Debug|ARM.ActiveCfg = Debug|Any CPU
		{EB95F02E-3934-4967-8802-8DE85451832F}.Debug|x86.ActiveCfg = Debug|Any CPU
		{EB95F02E-3934-4967-8802-8DE85451832F}.Profiling|Any CPU.ActiveCfg = Profiling|Any CPU
		{EB95F02E-3934-4967-8802-8DE85451832F}.Profiling|Any CPU.Build.0 = Profiling|Any CPU
		{EB95F02E-3934-4967-8802-8DE85451832F}.Profiling|ARM.ActiveCfg = Profiling|Any CPU
		{EB95F02E-3934-4967-8802-8DE85451832F}.Profiling|x86.ActiveCfg = Profiling|Any CPU
		{EB95F02E-3934-4967-8802-8DE85451832F}.Release|Any CPU.ActiveCfg = Release|Any CPU
		{EB95F02E-3934-4967-8802-8DE85451832F}.Release|Any CPU.Build.0 = Release|Any CPU
		{EB95F02E-3934-4967-8802-8DE85451832F}.Release|ARM.ActiveCfg = Release|Any CPU
		{EB95F02E-3934-4967-8802-8DE85451832F}.Release|x86.ActiveCfg = Release|Any CPU
		{A2BDC9C8-E9E6-408E-8AD8-33C5BD6AAC1B}.Analysis|Any CPU.ActiveCfg = Analysis|Any CPU
		{A2BDC9C8-E9E6-408E-8AD8-33C5BD6AAC1B}.Analysis|Any CPU.Build.0 = Analysis|Any CPU
		{A2BDC9C8-E9E6-408E-8AD8-33C5BD6AAC1B}.Analysis|ARM.ActiveCfg = Analysis|Any CPU
		{A2BDC9C8-E9E6-408E-8AD8-33C5BD6AAC1B}.Analysis|x86.ActiveCfg = Analysis|Any CPU
		{A2BDC9C8-E9E6-408E-8AD8-33C5BD6AAC1B}.Debug|Any CPU.ActiveCfg = Debug|Any CPU
		{A2BDC9C8-E9E6-408E-8AD8-33C5BD6AAC1B}.Debug|Any CPU.Build.0 = Debug|Any CPU
		{A2BDC9C8-E9E6-408E-8AD8-33C5BD6AAC1B}.Debug|ARM.ActiveCfg = Debug|Any CPU
		{A2BDC9C8-E9E6-408E-8AD8-33C5BD6AAC1B}.Debug|x86.ActiveCfg = Debug|Any CPU
		{A2BDC9C8-E9E6-408E-8AD8-33C5BD6AAC1B}.Profiling|Any CPU.ActiveCfg = Profiling|Any CPU
		{A2BDC9C8-E9E6-408E-8AD8-33C5BD6AAC1B}.Profiling|Any CPU.Build.0 = Profiling|Any CPU
		{A2BDC9C8-E9E6-408E-8AD8-33C5BD6AAC1B}.Profiling|ARM.ActiveCfg = Profiling|Any CPU
		{A2BDC9C8-E9E6-408E-8AD8-33C5BD6AAC1B}.Profiling|x86.ActiveCfg = Profiling|Any CPU
		{A2BDC9C8-E9E6-408E-8AD8-33C5BD6AAC1B}.Release|Any CPU.ActiveCfg = Release|Any CPU
		{A2BDC9C8-E9E6-408E-8AD8-33C5BD6AAC1B}.Release|Any CPU.Build.0 = Release|Any CPU
		{A2BDC9C8-E9E6-408E-8AD8-33C5BD6AAC1B}.Release|ARM.ActiveCfg = Release|Any CPU
		{A2BDC9C8-E9E6-408E-8AD8-33C5BD6AAC1B}.Release|x86.ActiveCfg = Release|Any CPU
		{858FDFEC-B3CE-4B5A-A76E-C8E132B60387}.Analysis|Any CPU.ActiveCfg = Analysis|Any CPU
		{858FDFEC-B3CE-4B5A-A76E-C8E132B60387}.Analysis|Any CPU.Build.0 = Analysis|Any CPU
		{858FDFEC-B3CE-4B5A-A76E-C8E132B60387}.Analysis|ARM.ActiveCfg = Analysis|Any CPU
		{858FDFEC-B3CE-4B5A-A76E-C8E132B60387}.Analysis|x86.ActiveCfg = Analysis|Any CPU
		{858FDFEC-B3CE-4B5A-A76E-C8E132B60387}.Debug|Any CPU.ActiveCfg = Debug|Any CPU
		{858FDFEC-B3CE-4B5A-A76E-C8E132B60387}.Debug|Any CPU.Build.0 = Debug|Any CPU
		{858FDFEC-B3CE-4B5A-A76E-C8E132B60387}.Debug|ARM.ActiveCfg = Debug|Any CPU
		{858FDFEC-B3CE-4B5A-A76E-C8E132B60387}.Debug|x86.ActiveCfg = Debug|Any CPU
		{858FDFEC-B3CE-4B5A-A76E-C8E132B60387}.Profiling|Any CPU.ActiveCfg = Profiling|Any CPU
		{858FDFEC-B3CE-4B5A-A76E-C8E132B60387}.Profiling|Any CPU.Build.0 = Profiling|Any CPU
		{858FDFEC-B3CE-4B5A-A76E-C8E132B60387}.Profiling|ARM.ActiveCfg = Profiling|Any CPU
		{858FDFEC-B3CE-4B5A-A76E-C8E132B60387}.Profiling|x86.ActiveCfg = Profiling|Any CPU
		{858FDFEC-B3CE-4B5A-A76E-C8E132B60387}.Release|Any CPU.ActiveCfg = Release|Any CPU
		{858FDFEC-B3CE-4B5A-A76E-C8E132B60387}.Release|Any CPU.Build.0 = Release|Any CPU
		{858FDFEC-B3CE-4B5A-A76E-C8E132B60387}.Release|ARM.ActiveCfg = Release|Any CPU
		{858FDFEC-B3CE-4B5A-A76E-C8E132B60387}.Release|x86.ActiveCfg = Release|Any CPU
		{EAE3F1A5-8FCB-48D4-A30A-842A458C9F4F}.Analysis|Any CPU.ActiveCfg = Analysis|Any CPU
		{EAE3F1A5-8FCB-48D4-A30A-842A458C9F4F}.Analysis|Any CPU.Build.0 = Analysis|Any CPU
		{EAE3F1A5-8FCB-48D4-A30A-842A458C9F4F}.Analysis|ARM.ActiveCfg = Analysis|Any CPU
		{EAE3F1A5-8FCB-48D4-A30A-842A458C9F4F}.Analysis|x86.ActiveCfg = Analysis|Any CPU
		{EAE3F1A5-8FCB-48D4-A30A-842A458C9F4F}.Debug|Any CPU.ActiveCfg = Debug|Any CPU
		{EAE3F1A5-8FCB-48D4-A30A-842A458C9F4F}.Debug|Any CPU.Build.0 = Debug|Any CPU
		{EAE3F1A5-8FCB-48D4-A30A-842A458C9F4F}.Debug|ARM.ActiveCfg = Debug|Any CPU
		{EAE3F1A5-8FCB-48D4-A30A-842A458C9F4F}.Debug|x86.ActiveCfg = Debug|Any CPU
		{EAE3F1A5-8FCB-48D4-A30A-842A458C9F4F}.Profiling|Any CPU.ActiveCfg = Profiling|Any CPU
		{EAE3F1A5-8FCB-48D4-A30A-842A458C9F4F}.Profiling|Any CPU.Build.0 = Profiling|Any CPU
		{EAE3F1A5-8FCB-48D4-A30A-842A458C9F4F}.Profiling|ARM.ActiveCfg = Profiling|Any CPU
		{EAE3F1A5-8FCB-48D4-A30A-842A458C9F4F}.Profiling|x86.ActiveCfg = Profiling|Any CPU
		{EAE3F1A5-8FCB-48D4-A30A-842A458C9F4F}.Release|Any CPU.ActiveCfg = Release|Any CPU
		{EAE3F1A5-8FCB-48D4-A30A-842A458C9F4F}.Release|Any CPU.Build.0 = Release|Any CPU
		{EAE3F1A5-8FCB-48D4-A30A-842A458C9F4F}.Release|ARM.ActiveCfg = Release|Any CPU
		{EAE3F1A5-8FCB-48D4-A30A-842A458C9F4F}.Release|x86.ActiveCfg = Release|Any CPU
		{1656FD72-2C59-4A44-BF12-BAB87F4DF1F6}.Analysis|Any CPU.ActiveCfg = Analysis|Any CPU
		{1656FD72-2C59-4A44-BF12-BAB87F4DF1F6}.Analysis|Any CPU.Build.0 = Analysis|Any CPU
		{1656FD72-2C59-4A44-BF12-BAB87F4DF1F6}.Analysis|ARM.ActiveCfg = Analysis|Any CPU
		{1656FD72-2C59-4A44-BF12-BAB87F4DF1F6}.Analysis|x86.ActiveCfg = Analysis|Any CPU
		{1656FD72-2C59-4A44-BF12-BAB87F4DF1F6}.Debug|Any CPU.ActiveCfg = Debug|Any CPU
		{1656FD72-2C59-4A44-BF12-BAB87F4DF1F6}.Debug|Any CPU.Build.0 = Debug|Any CPU
		{1656FD72-2C59-4A44-BF12-BAB87F4DF1F6}.Debug|ARM.ActiveCfg = Debug|Any CPU
		{1656FD72-2C59-4A44-BF12-BAB87F4DF1F6}.Debug|x86.ActiveCfg = Debug|Any CPU
		{1656FD72-2C59-4A44-BF12-BAB87F4DF1F6}.Profiling|Any CPU.ActiveCfg = Profiling|Any CPU
		{1656FD72-2C59-4A44-BF12-BAB87F4DF1F6}.Profiling|Any CPU.Build.0 = Profiling|Any CPU
		{1656FD72-2C59-4A44-BF12-BAB87F4DF1F6}.Profiling|ARM.ActiveCfg = Profiling|Any CPU
		{1656FD72-2C59-4A44-BF12-BAB87F4DF1F6}.Profiling|x86.ActiveCfg = Profiling|Any CPU
		{1656FD72-2C59-4A44-BF12-BAB87F4DF1F6}.Release|Any CPU.ActiveCfg = Release|Any CPU
		{1656FD72-2C59-4A44-BF12-BAB87F4DF1F6}.Release|Any CPU.Build.0 = Release|Any CPU
		{1656FD72-2C59-4A44-BF12-BAB87F4DF1F6}.Release|ARM.ActiveCfg = Release|Any CPU
		{1656FD72-2C59-4A44-BF12-BAB87F4DF1F6}.Release|x86.ActiveCfg = Release|Any CPU
		{2965F6C3-133E-4F4A-BC39-05643431EDAB}.Analysis|Any CPU.ActiveCfg = Analysis|Any CPU
		{2965F6C3-133E-4F4A-BC39-05643431EDAB}.Analysis|Any CPU.Build.0 = Analysis|Any CPU
		{2965F6C3-133E-4F4A-BC39-05643431EDAB}.Analysis|ARM.ActiveCfg = Analysis|Any CPU
		{2965F6C3-133E-4F4A-BC39-05643431EDAB}.Analysis|x86.ActiveCfg = Analysis|Any CPU
		{2965F6C3-133E-4F4A-BC39-05643431EDAB}.Debug|Any CPU.ActiveCfg = Debug|Any CPU
		{2965F6C3-133E-4F4A-BC39-05643431EDAB}.Debug|Any CPU.Build.0 = Debug|Any CPU
		{2965F6C3-133E-4F4A-BC39-05643431EDAB}.Debug|ARM.ActiveCfg = Debug|Any CPU
		{2965F6C3-133E-4F4A-BC39-05643431EDAB}.Debug|x86.ActiveCfg = Debug|Any CPU
		{2965F6C3-133E-4F4A-BC39-05643431EDAB}.Profiling|Any CPU.ActiveCfg = Profiling|Any CPU
		{2965F6C3-133E-4F4A-BC39-05643431EDAB}.Profiling|Any CPU.Build.0 = Profiling|Any CPU
		{2965F6C3-133E-4F4A-BC39-05643431EDAB}.Profiling|ARM.ActiveCfg = Profiling|Any CPU
		{2965F6C3-133E-4F4A-BC39-05643431EDAB}.Profiling|x86.ActiveCfg = Profiling|Any CPU
		{2965F6C3-133E-4F4A-BC39-05643431EDAB}.Release|Any CPU.ActiveCfg = Release|Any CPU
		{2965F6C3-133E-4F4A-BC39-05643431EDAB}.Release|Any CPU.Build.0 = Release|Any CPU
		{2965F6C3-133E-4F4A-BC39-05643431EDAB}.Release|ARM.ActiveCfg = Release|Any CPU
		{2965F6C3-133E-4F4A-BC39-05643431EDAB}.Release|x86.ActiveCfg = Release|Any CPU
		{190F5FEA-6B15-450F-8AD7-91194BBE2E68}.Analysis|Any CPU.ActiveCfg = Analysis|Any CPU
		{190F5FEA-6B15-450F-8AD7-91194BBE2E68}.Analysis|Any CPU.Build.0 = Analysis|Any CPU
		{190F5FEA-6B15-450F-8AD7-91194BBE2E68}.Analysis|ARM.ActiveCfg = Analysis|Any CPU
		{190F5FEA-6B15-450F-8AD7-91194BBE2E68}.Analysis|x86.ActiveCfg = Analysis|Any CPU
		{190F5FEA-6B15-450F-8AD7-91194BBE2E68}.Debug|Any CPU.ActiveCfg = Debug|Any CPU
		{190F5FEA-6B15-450F-8AD7-91194BBE2E68}.Debug|Any CPU.Build.0 = Debug|Any CPU
		{190F5FEA-6B15-450F-8AD7-91194BBE2E68}.Debug|ARM.ActiveCfg = Debug|Any CPU
		{190F5FEA-6B15-450F-8AD7-91194BBE2E68}.Debug|x86.ActiveCfg = Debug|Any CPU
		{190F5FEA-6B15-450F-8AD7-91194BBE2E68}.Profiling|Any CPU.ActiveCfg = Profiling|Any CPU
		{190F5FEA-6B15-450F-8AD7-91194BBE2E68}.Profiling|Any CPU.Build.0 = Profiling|Any CPU
		{190F5FEA-6B15-450F-8AD7-91194BBE2E68}.Profiling|ARM.ActiveCfg = Profiling|Any CPU
		{190F5FEA-6B15-450F-8AD7-91194BBE2E68}.Profiling|x86.ActiveCfg = Profiling|Any CPU
		{190F5FEA-6B15-450F-8AD7-91194BBE2E68}.Release|Any CPU.ActiveCfg = Release|Any CPU
		{190F5FEA-6B15-450F-8AD7-91194BBE2E68}.Release|Any CPU.Build.0 = Release|Any CPU
		{190F5FEA-6B15-450F-8AD7-91194BBE2E68}.Release|ARM.ActiveCfg = Release|Any CPU
		{190F5FEA-6B15-450F-8AD7-91194BBE2E68}.Release|x86.ActiveCfg = Release|Any CPU
		{AC1EE6C6-3C75-41AC-B644-553E19CE989E}.Analysis|Any CPU.ActiveCfg = Analysis|Any CPU
		{AC1EE6C6-3C75-41AC-B644-553E19CE989E}.Analysis|Any CPU.Build.0 = Analysis|Any CPU
		{AC1EE6C6-3C75-41AC-B644-553E19CE989E}.Analysis|ARM.ActiveCfg = Analysis|Any CPU
		{AC1EE6C6-3C75-41AC-B644-553E19CE989E}.Analysis|x86.ActiveCfg = Analysis|Any CPU
		{AC1EE6C6-3C75-41AC-B644-553E19CE989E}.Debug|Any CPU.ActiveCfg = Debug|Any CPU
		{AC1EE6C6-3C75-41AC-B644-553E19CE989E}.Debug|Any CPU.Build.0 = Debug|Any CPU
		{AC1EE6C6-3C75-41AC-B644-553E19CE989E}.Debug|ARM.ActiveCfg = Debug|Any CPU
		{AC1EE6C6-3C75-41AC-B644-553E19CE989E}.Debug|x86.ActiveCfg = Debug|Any CPU
		{AC1EE6C6-3C75-41AC-B644-553E19CE989E}.Profiling|Any CPU.ActiveCfg = Profiling|Any CPU
		{AC1EE6C6-3C75-41AC-B644-553E19CE989E}.Profiling|Any CPU.Build.0 = Profiling|Any CPU
		{AC1EE6C6-3C75-41AC-B644-553E19CE989E}.Profiling|ARM.ActiveCfg = Profiling|Any CPU
		{AC1EE6C6-3C75-41AC-B644-553E19CE989E}.Profiling|x86.ActiveCfg = Profiling|Any CPU
		{AC1EE6C6-3C75-41AC-B644-553E19CE989E}.Release|Any CPU.ActiveCfg = Release|Any CPU
		{AC1EE6C6-3C75-41AC-B644-553E19CE989E}.Release|Any CPU.Build.0 = Release|Any CPU
		{AC1EE6C6-3C75-41AC-B644-553E19CE989E}.Release|ARM.ActiveCfg = Release|Any CPU
		{AC1EE6C6-3C75-41AC-B644-553E19CE989E}.Release|x86.ActiveCfg = Release|Any CPU
		{5B81A7B3-7FB6-45F0-9575-324EB283EB07}.Analysis|Any CPU.ActiveCfg = Analysis|Any CPU
		{5B81A7B3-7FB6-45F0-9575-324EB283EB07}.Analysis|Any CPU.Build.0 = Analysis|Any CPU
		{5B81A7B3-7FB6-45F0-9575-324EB283EB07}.Analysis|ARM.ActiveCfg = Analysis|Any CPU
		{5B81A7B3-7FB6-45F0-9575-324EB283EB07}.Analysis|x86.ActiveCfg = Analysis|Any CPU
		{5B81A7B3-7FB6-45F0-9575-324EB283EB07}.Debug|Any CPU.ActiveCfg = Debug|Any CPU
		{5B81A7B3-7FB6-45F0-9575-324EB283EB07}.Debug|Any CPU.Build.0 = Debug|Any CPU
		{5B81A7B3-7FB6-45F0-9575-324EB283EB07}.Debug|ARM.ActiveCfg = Debug|Any CPU
		{5B81A7B3-7FB6-45F0-9575-324EB283EB07}.Debug|x86.ActiveCfg = Debug|Any CPU
		{5B81A7B3-7FB6-45F0-9575-324EB283EB07}.Profiling|Any CPU.ActiveCfg = Profiling|Any CPU
		{5B81A7B3-7FB6-45F0-9575-324EB283EB07}.Profiling|Any CPU.Build.0 = Profiling|Any CPU
		{5B81A7B3-7FB6-45F0-9575-324EB283EB07}.Profiling|ARM.ActiveCfg = Profiling|Any CPU
		{5B81A7B3-7FB6-45F0-9575-324EB283EB07}.Profiling|x86.ActiveCfg = Profiling|Any CPU
		{5B81A7B3-7FB6-45F0-9575-324EB283EB07}.Release|Any CPU.ActiveCfg = Release|Any CPU
		{5B81A7B3-7FB6-45F0-9575-324EB283EB07}.Release|Any CPU.Build.0 = Release|Any CPU
		{5B81A7B3-7FB6-45F0-9575-324EB283EB07}.Release|ARM.ActiveCfg = Release|Any CPU
		{5B81A7B3-7FB6-45F0-9575-324EB283EB07}.Release|x86.ActiveCfg = Release|Any CPU
		{9B2328C2-508A-49C9-99B1-780A5282ED75}.Analysis|Any CPU.ActiveCfg = Analysis|Any CPU
		{9B2328C2-508A-49C9-99B1-780A5282ED75}.Analysis|Any CPU.Build.0 = Analysis|Any CPU
		{9B2328C2-508A-49C9-99B1-780A5282ED75}.Analysis|ARM.ActiveCfg = Analysis|Any CPU
		{9B2328C2-508A-49C9-99B1-780A5282ED75}.Analysis|x86.ActiveCfg = Analysis|Any CPU
		{9B2328C2-508A-49C9-99B1-780A5282ED75}.Debug|Any CPU.ActiveCfg = Debug|Any CPU
		{9B2328C2-508A-49C9-99B1-780A5282ED75}.Debug|Any CPU.Build.0 = Debug|Any CPU
		{9B2328C2-508A-49C9-99B1-780A5282ED75}.Debug|ARM.ActiveCfg = Debug|Any CPU
		{9B2328C2-508A-49C9-99B1-780A5282ED75}.Debug|x86.ActiveCfg = Debug|Any CPU
		{9B2328C2-508A-49C9-99B1-780A5282ED75}.Profiling|Any CPU.ActiveCfg = Profiling|Any CPU
		{9B2328C2-508A-49C9-99B1-780A5282ED75}.Profiling|Any CPU.Build.0 = Profiling|Any CPU
		{9B2328C2-508A-49C9-99B1-780A5282ED75}.Profiling|ARM.ActiveCfg = Profiling|Any CPU
		{9B2328C2-508A-49C9-99B1-780A5282ED75}.Profiling|x86.ActiveCfg = Profiling|Any CPU
		{9B2328C2-508A-49C9-99B1-780A5282ED75}.Release|Any CPU.ActiveCfg = Release|Any CPU
		{9B2328C2-508A-49C9-99B1-780A5282ED75}.Release|Any CPU.Build.0 = Release|Any CPU
		{9B2328C2-508A-49C9-99B1-780A5282ED75}.Release|ARM.ActiveCfg = Release|Any CPU
		{9B2328C2-508A-49C9-99B1-780A5282ED75}.Release|x86.ActiveCfg = Release|Any CPU
		{F1C99FFB-66CD-473A-8C66-956B8A6D04A6}.Analysis|Any CPU.ActiveCfg = Analysis|Any CPU
		{F1C99FFB-66CD-473A-8C66-956B8A6D04A6}.Analysis|Any CPU.Build.0 = Analysis|Any CPU
		{F1C99FFB-66CD-473A-8C66-956B8A6D04A6}.Analysis|ARM.ActiveCfg = Analysis|Any CPU
		{F1C99FFB-66CD-473A-8C66-956B8A6D04A6}.Analysis|x86.ActiveCfg = Analysis|Any CPU
		{F1C99FFB-66CD-473A-8C66-956B8A6D04A6}.Debug|Any CPU.ActiveCfg = Debug|Any CPU
		{F1C99FFB-66CD-473A-8C66-956B8A6D04A6}.Debug|Any CPU.Build.0 = Debug|Any CPU
		{F1C99FFB-66CD-473A-8C66-956B8A6D04A6}.Debug|ARM.ActiveCfg = Debug|Any CPU
		{F1C99FFB-66CD-473A-8C66-956B8A6D04A6}.Debug|x86.ActiveCfg = Debug|Any CPU
		{F1C99FFB-66CD-473A-8C66-956B8A6D04A6}.Profiling|Any CPU.ActiveCfg = Profiling|Any CPU
		{F1C99FFB-66CD-473A-8C66-956B8A6D04A6}.Profiling|Any CPU.Build.0 = Profiling|Any CPU
		{F1C99FFB-66CD-473A-8C66-956B8A6D04A6}.Profiling|ARM.ActiveCfg = Profiling|Any CPU
		{F1C99FFB-66CD-473A-8C66-956B8A6D04A6}.Profiling|x86.ActiveCfg = Profiling|Any CPU
		{F1C99FFB-66CD-473A-8C66-956B8A6D04A6}.Release|Any CPU.ActiveCfg = Release|Any CPU
		{F1C99FFB-66CD-473A-8C66-956B8A6D04A6}.Release|Any CPU.Build.0 = Release|Any CPU
		{F1C99FFB-66CD-473A-8C66-956B8A6D04A6}.Release|ARM.ActiveCfg = Release|Any CPU
		{F1C99FFB-66CD-473A-8C66-956B8A6D04A6}.Release|x86.ActiveCfg = Release|Any CPU
		{49281AE2-30E7-4FE1-A4BB-83F4FB6C8999}.Analysis|Any CPU.ActiveCfg = Analysis|Any CPU
		{49281AE2-30E7-4FE1-A4BB-83F4FB6C8999}.Analysis|Any CPU.Build.0 = Analysis|Any CPU
		{49281AE2-30E7-4FE1-A4BB-83F4FB6C8999}.Analysis|ARM.ActiveCfg = Analysis|Any CPU
		{49281AE2-30E7-4FE1-A4BB-83F4FB6C8999}.Analysis|x86.ActiveCfg = Analysis|Any CPU
		{49281AE2-30E7-4FE1-A4BB-83F4FB6C8999}.Debug|Any CPU.ActiveCfg = Debug|Any CPU
		{49281AE2-30E7-4FE1-A4BB-83F4FB6C8999}.Debug|Any CPU.Build.0 = Debug|Any CPU
		{49281AE2-30E7-4FE1-A4BB-83F4FB6C8999}.Debug|ARM.ActiveCfg = Debug|Any CPU
		{49281AE2-30E7-4FE1-A4BB-83F4FB6C8999}.Debug|x86.ActiveCfg = Debug|Any CPU
		{49281AE2-30E7-4FE1-A4BB-83F4FB6C8999}.Profiling|Any CPU.ActiveCfg = Profiling|Any CPU
		{49281AE2-30E7-4FE1-A4BB-83F4FB6C8999}.Profiling|Any CPU.Build.0 = Profiling|Any CPU
		{49281AE2-30E7-4FE1-A4BB-83F4FB6C8999}.Profiling|ARM.ActiveCfg = Profiling|Any CPU
		{49281AE2-30E7-4FE1-A4BB-83F4FB6C8999}.Profiling|x86.ActiveCfg = Profiling|Any CPU
		{49281AE2-30E7-4FE1-A4BB-83F4FB6C8999}.Release|Any CPU.ActiveCfg = Release|Any CPU
		{49281AE2-30E7-4FE1-A4BB-83F4FB6C8999}.Release|Any CPU.Build.0 = Release|Any CPU
		{49281AE2-30E7-4FE1-A4BB-83F4FB6C8999}.Release|ARM.ActiveCfg = Release|Any CPU
		{49281AE2-30E7-4FE1-A4BB-83F4FB6C8999}.Release|x86.ActiveCfg = Release|Any CPU
		{72156215-CA6C-4C2B-A9FE-DC519C1DACA9}.Analysis|Any CPU.ActiveCfg = Analysis|Any CPU
		{72156215-CA6C-4C2B-A9FE-DC519C1DACA9}.Analysis|Any CPU.Build.0 = Analysis|Any CPU
		{72156215-CA6C-4C2B-A9FE-DC519C1DACA9}.Analysis|ARM.ActiveCfg = Analysis|Any CPU
		{72156215-CA6C-4C2B-A9FE-DC519C1DACA9}.Analysis|x86.ActiveCfg = Analysis|Any CPU
		{72156215-CA6C-4C2B-A9FE-DC519C1DACA9}.Debug|Any CPU.ActiveCfg = Debug|Any CPU
		{72156215-CA6C-4C2B-A9FE-DC519C1DACA9}.Debug|Any CPU.Build.0 = Debug|Any CPU
		{72156215-CA6C-4C2B-A9FE-DC519C1DACA9}.Debug|ARM.ActiveCfg = Debug|Any CPU
		{72156215-CA6C-4C2B-A9FE-DC519C1DACA9}.Debug|x86.ActiveCfg = Debug|Any CPU
		{72156215-CA6C-4C2B-A9FE-DC519C1DACA9}.Profiling|Any CPU.ActiveCfg = Profiling|Any CPU
		{72156215-CA6C-4C2B-A9FE-DC519C1DACA9}.Profiling|Any CPU.Build.0 = Profiling|Any CPU
		{72156215-CA6C-4C2B-A9FE-DC519C1DACA9}.Profiling|ARM.ActiveCfg = Profiling|Any CPU
		{72156215-CA6C-4C2B-A9FE-DC519C1DACA9}.Profiling|x86.ActiveCfg = Profiling|Any CPU
		{72156215-CA6C-4C2B-A9FE-DC519C1DACA9}.Release|Any CPU.ActiveCfg = Release|Any CPU
		{72156215-CA6C-4C2B-A9FE-DC519C1DACA9}.Release|Any CPU.Build.0 = Release|Any CPU
		{72156215-CA6C-4C2B-A9FE-DC519C1DACA9}.Release|ARM.ActiveCfg = Release|Any CPU
		{72156215-CA6C-4C2B-A9FE-DC519C1DACA9}.Release|x86.ActiveCfg = Release|Any CPU
		{BB21496A-6494-46B1-B6C3-DB9A22EB9BF3}.Analysis|Any CPU.ActiveCfg = Release|Any CPU
		{BB21496A-6494-46B1-B6C3-DB9A22EB9BF3}.Analysis|Any CPU.Build.0 = Release|Any CPU
		{BB21496A-6494-46B1-B6C3-DB9A22EB9BF3}.Analysis|ARM.ActiveCfg = Release|Any CPU
		{BB21496A-6494-46B1-B6C3-DB9A22EB9BF3}.Analysis|x86.ActiveCfg = Release|Any CPU
		{BB21496A-6494-46B1-B6C3-DB9A22EB9BF3}.Debug|Any CPU.ActiveCfg = Debug|Any CPU
		{BB21496A-6494-46B1-B6C3-DB9A22EB9BF3}.Debug|Any CPU.Build.0 = Debug|Any CPU
		{BB21496A-6494-46B1-B6C3-DB9A22EB9BF3}.Debug|ARM.ActiveCfg = Debug|Any CPU
		{BB21496A-6494-46B1-B6C3-DB9A22EB9BF3}.Debug|x86.ActiveCfg = Debug|Any CPU
		{BB21496A-6494-46B1-B6C3-DB9A22EB9BF3}.Profiling|Any CPU.ActiveCfg = Release|Any CPU
		{BB21496A-6494-46B1-B6C3-DB9A22EB9BF3}.Profiling|Any CPU.Build.0 = Release|Any CPU
		{BB21496A-6494-46B1-B6C3-DB9A22EB9BF3}.Profiling|ARM.ActiveCfg = Release|Any CPU
		{BB21496A-6494-46B1-B6C3-DB9A22EB9BF3}.Profiling|x86.ActiveCfg = Release|Any CPU
		{BB21496A-6494-46B1-B6C3-DB9A22EB9BF3}.Release|Any CPU.ActiveCfg = Release|Any CPU
		{BB21496A-6494-46B1-B6C3-DB9A22EB9BF3}.Release|Any CPU.Build.0 = Release|Any CPU
		{BB21496A-6494-46B1-B6C3-DB9A22EB9BF3}.Release|ARM.ActiveCfg = Release|Any CPU
		{BB21496A-6494-46B1-B6C3-DB9A22EB9BF3}.Release|x86.ActiveCfg = Release|Any CPU
		{FE8334BD-B1FB-4C25-8952-6DF6DDDD7377}.Analysis|Any CPU.ActiveCfg = Analysis|Any CPU
		{FE8334BD-B1FB-4C25-8952-6DF6DDDD7377}.Analysis|Any CPU.Build.0 = Analysis|Any CPU
		{FE8334BD-B1FB-4C25-8952-6DF6DDDD7377}.Analysis|ARM.ActiveCfg = Analysis|Any CPU
		{FE8334BD-B1FB-4C25-8952-6DF6DDDD7377}.Analysis|x86.ActiveCfg = Analysis|Any CPU
		{FE8334BD-B1FB-4C25-8952-6DF6DDDD7377}.Debug|Any CPU.ActiveCfg = Debug|Any CPU
		{FE8334BD-B1FB-4C25-8952-6DF6DDDD7377}.Debug|Any CPU.Build.0 = Debug|Any CPU
		{FE8334BD-B1FB-4C25-8952-6DF6DDDD7377}.Debug|ARM.ActiveCfg = Debug|Any CPU
		{FE8334BD-B1FB-4C25-8952-6DF6DDDD7377}.Debug|x86.ActiveCfg = Debug|Any CPU
		{FE8334BD-B1FB-4C25-8952-6DF6DDDD7377}.Profiling|Any CPU.ActiveCfg = Profiling|Any CPU
		{FE8334BD-B1FB-4C25-8952-6DF6DDDD7377}.Profiling|Any CPU.Build.0 = Profiling|Any CPU
		{FE8334BD-B1FB-4C25-8952-6DF6DDDD7377}.Profiling|ARM.ActiveCfg = Profiling|Any CPU
		{FE8334BD-B1FB-4C25-8952-6DF6DDDD7377}.Profiling|x86.ActiveCfg = Profiling|Any CPU
		{FE8334BD-B1FB-4C25-8952-6DF6DDDD7377}.Release|Any CPU.ActiveCfg = Release|Any CPU
		{FE8334BD-B1FB-4C25-8952-6DF6DDDD7377}.Release|Any CPU.Build.0 = Release|Any CPU
		{FE8334BD-B1FB-4C25-8952-6DF6DDDD7377}.Release|ARM.ActiveCfg = Release|Any CPU
		{FE8334BD-B1FB-4C25-8952-6DF6DDDD7377}.Release|x86.ActiveCfg = Release|Any CPU
		{2530D3F9-687F-4675-A0CB-363D9C0D1015}.Analysis|Any CPU.ActiveCfg = Analysis|Any CPU
		{2530D3F9-687F-4675-A0CB-363D9C0D1015}.Analysis|Any CPU.Build.0 = Analysis|Any CPU
		{2530D3F9-687F-4675-A0CB-363D9C0D1015}.Analysis|ARM.ActiveCfg = Analysis|Any CPU
		{2530D3F9-687F-4675-A0CB-363D9C0D1015}.Analysis|x86.ActiveCfg = Analysis|Any CPU
		{2530D3F9-687F-4675-A0CB-363D9C0D1015}.Debug|Any CPU.ActiveCfg = Debug|Any CPU
		{2530D3F9-687F-4675-A0CB-363D9C0D1015}.Debug|Any CPU.Build.0 = Debug|Any CPU
		{2530D3F9-687F-4675-A0CB-363D9C0D1015}.Debug|ARM.ActiveCfg = Debug|Any CPU
		{2530D3F9-687F-4675-A0CB-363D9C0D1015}.Debug|x86.ActiveCfg = Debug|Any CPU
		{2530D3F9-687F-4675-A0CB-363D9C0D1015}.Profiling|Any CPU.ActiveCfg = Profiling|Any CPU
		{2530D3F9-687F-4675-A0CB-363D9C0D1015}.Profiling|Any CPU.Build.0 = Profiling|Any CPU
		{2530D3F9-687F-4675-A0CB-363D9C0D1015}.Profiling|ARM.ActiveCfg = Profiling|Any CPU
		{2530D3F9-687F-4675-A0CB-363D9C0D1015}.Profiling|x86.ActiveCfg = Profiling|Any CPU
		{2530D3F9-687F-4675-A0CB-363D9C0D1015}.Release|Any CPU.ActiveCfg = Release|Any CPU
		{2530D3F9-687F-4675-A0CB-363D9C0D1015}.Release|Any CPU.Build.0 = Release|Any CPU
		{2530D3F9-687F-4675-A0CB-363D9C0D1015}.Release|ARM.ActiveCfg = Release|Any CPU
		{2530D3F9-687F-4675-A0CB-363D9C0D1015}.Release|x86.ActiveCfg = Release|Any CPU
		{45125BED-453E-4CFA-8334-23F4C76EC655}.Analysis|Any CPU.ActiveCfg = Analysis|Any CPU
		{45125BED-453E-4CFA-8334-23F4C76EC655}.Analysis|Any CPU.Build.0 = Analysis|Any CPU
		{45125BED-453E-4CFA-8334-23F4C76EC655}.Analysis|ARM.ActiveCfg = Analysis|Any CPU
		{45125BED-453E-4CFA-8334-23F4C76EC655}.Analysis|x86.ActiveCfg = Analysis|Any CPU
		{45125BED-453E-4CFA-8334-23F4C76EC655}.Debug|Any CPU.ActiveCfg = Debug|Any CPU
		{45125BED-453E-4CFA-8334-23F4C76EC655}.Debug|Any CPU.Build.0 = Debug|Any CPU
		{45125BED-453E-4CFA-8334-23F4C76EC655}.Debug|ARM.ActiveCfg = Debug|Any CPU
		{45125BED-453E-4CFA-8334-23F4C76EC655}.Debug|x86.ActiveCfg = Debug|Any CPU
		{45125BED-453E-4CFA-8334-23F4C76EC655}.Profiling|Any CPU.ActiveCfg = Profiling|Any CPU
		{45125BED-453E-4CFA-8334-23F4C76EC655}.Profiling|Any CPU.Build.0 = Profiling|Any CPU
		{45125BED-453E-4CFA-8334-23F4C76EC655}.Profiling|ARM.ActiveCfg = Profiling|Any CPU
		{45125BED-453E-4CFA-8334-23F4C76EC655}.Profiling|x86.ActiveCfg = Profiling|Any CPU
		{45125BED-453E-4CFA-8334-23F4C76EC655}.Release|Any CPU.ActiveCfg = Release|Any CPU
		{45125BED-453E-4CFA-8334-23F4C76EC655}.Release|Any CPU.Build.0 = Release|Any CPU
		{45125BED-453E-4CFA-8334-23F4C76EC655}.Release|ARM.ActiveCfg = Release|Any CPU
		{45125BED-453E-4CFA-8334-23F4C76EC655}.Release|x86.ActiveCfg = Release|Any CPU
		{AEB0941F-C278-4583-858F-6E5387E97C87}.Analysis|Any CPU.ActiveCfg = Analysis|Any CPU
		{AEB0941F-C278-4583-858F-6E5387E97C87}.Analysis|Any CPU.Build.0 = Analysis|Any CPU
		{AEB0941F-C278-4583-858F-6E5387E97C87}.Analysis|ARM.ActiveCfg = Analysis|Any CPU
		{AEB0941F-C278-4583-858F-6E5387E97C87}.Analysis|x86.ActiveCfg = Analysis|Any CPU
		{AEB0941F-C278-4583-858F-6E5387E97C87}.Debug|Any CPU.ActiveCfg = Debug|Any CPU
		{AEB0941F-C278-4583-858F-6E5387E97C87}.Debug|Any CPU.Build.0 = Debug|Any CPU
		{AEB0941F-C278-4583-858F-6E5387E97C87}.Debug|ARM.ActiveCfg = Debug|Any CPU
		{AEB0941F-C278-4583-858F-6E5387E97C87}.Debug|x86.ActiveCfg = Debug|Any CPU
		{AEB0941F-C278-4583-858F-6E5387E97C87}.Profiling|Any CPU.ActiveCfg = Profiling|Any CPU
		{AEB0941F-C278-4583-858F-6E5387E97C87}.Profiling|Any CPU.Build.0 = Profiling|Any CPU
		{AEB0941F-C278-4583-858F-6E5387E97C87}.Profiling|ARM.ActiveCfg = Profiling|Any CPU
		{AEB0941F-C278-4583-858F-6E5387E97C87}.Profiling|x86.ActiveCfg = Profiling|Any CPU
		{AEB0941F-C278-4583-858F-6E5387E97C87}.Release|Any CPU.ActiveCfg = Release|Any CPU
		{AEB0941F-C278-4583-858F-6E5387E97C87}.Release|Any CPU.Build.0 = Release|Any CPU
		{AEB0941F-C278-4583-858F-6E5387E97C87}.Release|ARM.ActiveCfg = Release|Any CPU
		{AEB0941F-C278-4583-858F-6E5387E97C87}.Release|x86.ActiveCfg = Release|Any CPU
		{37478A95-8F51-43C0-9D0E-0675A16279DE}.Analysis|Any CPU.ActiveCfg = Analysis|Any CPU
		{37478A95-8F51-43C0-9D0E-0675A16279DE}.Analysis|Any CPU.Build.0 = Analysis|Any CPU
		{37478A95-8F51-43C0-9D0E-0675A16279DE}.Analysis|ARM.ActiveCfg = Analysis|Any CPU
		{37478A95-8F51-43C0-9D0E-0675A16279DE}.Analysis|x86.ActiveCfg = Analysis|Any CPU
		{37478A95-8F51-43C0-9D0E-0675A16279DE}.Debug|Any CPU.ActiveCfg = Debug|Any CPU
		{37478A95-8F51-43C0-9D0E-0675A16279DE}.Debug|Any CPU.Build.0 = Debug|Any CPU
		{37478A95-8F51-43C0-9D0E-0675A16279DE}.Debug|ARM.ActiveCfg = Debug|Any CPU
		{37478A95-8F51-43C0-9D0E-0675A16279DE}.Debug|x86.ActiveCfg = Debug|Any CPU
		{37478A95-8F51-43C0-9D0E-0675A16279DE}.Profiling|Any CPU.ActiveCfg = Profiling|Any CPU
		{37478A95-8F51-43C0-9D0E-0675A16279DE}.Profiling|Any CPU.Build.0 = Profiling|Any CPU
		{37478A95-8F51-43C0-9D0E-0675A16279DE}.Profiling|ARM.ActiveCfg = Profiling|Any CPU
		{37478A95-8F51-43C0-9D0E-0675A16279DE}.Profiling|x86.ActiveCfg = Profiling|Any CPU
		{37478A95-8F51-43C0-9D0E-0675A16279DE}.Release|Any CPU.ActiveCfg = Release|Any CPU
		{37478A95-8F51-43C0-9D0E-0675A16279DE}.Release|Any CPU.Build.0 = Release|Any CPU
		{37478A95-8F51-43C0-9D0E-0675A16279DE}.Release|ARM.ActiveCfg = Release|Any CPU
		{37478A95-8F51-43C0-9D0E-0675A16279DE}.Release|x86.ActiveCfg = Release|Any CPU
		{51F41B82-0DE4-43D8-B64D-5CA27AEB349E}.Analysis|Any CPU.ActiveCfg = Analysis|Any CPU
		{51F41B82-0DE4-43D8-B64D-5CA27AEB349E}.Analysis|Any CPU.Build.0 = Analysis|Any CPU
		{51F41B82-0DE4-43D8-B64D-5CA27AEB349E}.Analysis|ARM.ActiveCfg = Analysis|Any CPU
		{51F41B82-0DE4-43D8-B64D-5CA27AEB349E}.Analysis|x86.ActiveCfg = Analysis|Any CPU
		{51F41B82-0DE4-43D8-B64D-5CA27AEB349E}.Debug|Any CPU.ActiveCfg = Debug|Any CPU
		{51F41B82-0DE4-43D8-B64D-5CA27AEB349E}.Debug|Any CPU.Build.0 = Debug|Any CPU
		{51F41B82-0DE4-43D8-B64D-5CA27AEB349E}.Debug|ARM.ActiveCfg = Debug|Any CPU
		{51F41B82-0DE4-43D8-B64D-5CA27AEB349E}.Debug|x86.ActiveCfg = Debug|Any CPU
		{51F41B82-0DE4-43D8-B64D-5CA27AEB349E}.Profiling|Any CPU.ActiveCfg = Profiling|Any CPU
		{51F41B82-0DE4-43D8-B64D-5CA27AEB349E}.Profiling|Any CPU.Build.0 = Profiling|Any CPU
		{51F41B82-0DE4-43D8-B64D-5CA27AEB349E}.Profiling|ARM.ActiveCfg = Profiling|Any CPU
		{51F41B82-0DE4-43D8-B64D-5CA27AEB349E}.Profiling|x86.ActiveCfg = Profiling|Any CPU
		{51F41B82-0DE4-43D8-B64D-5CA27AEB349E}.Release|Any CPU.ActiveCfg = Release|Any CPU
		{51F41B82-0DE4-43D8-B64D-5CA27AEB349E}.Release|Any CPU.Build.0 = Release|Any CPU
		{51F41B82-0DE4-43D8-B64D-5CA27AEB349E}.Release|ARM.ActiveCfg = Release|Any CPU
		{51F41B82-0DE4-43D8-B64D-5CA27AEB349E}.Release|x86.ActiveCfg = Release|Any CPU
	EndGlobalSection
	GlobalSection(SolutionProperties) = preSolution
		HideSolutionNode = FALSE
	EndGlobalSection
	GlobalSection(NestedProjects) = preSolution
		{F6F21A07-1E98-481E-AB39-D55340AB571B} = {7813925C-F1CD-4204-BD5B-8DBDC90D1685}
		{C61969C1-533A-41ED-939B-F19C257536A2} = {7813925C-F1CD-4204-BD5B-8DBDC90D1685}
		{FBCF9F08-0D6A-4F61-9BA3-07F076168F0B} = {AE9594C3-3D8C-4CB0-88AB-E7DB358B98ED}
		{2CB1BA08-9880-4705-A14B-D46DC2453071} = {AE9594C3-3D8C-4CB0-88AB-E7DB358B98ED}
		{ACD2EB7F-24CC-478B-8699-04238179DD27} = {F6F21A07-1E98-481E-AB39-D55340AB571B}
		{2B040F33-83C3-414E-B62C-894343171C09} = {F6F21A07-1E98-481E-AB39-D55340AB571B}
		{EB68F9C7-42C9-4ABB-81E0-53F4836360A0} = {C61969C1-533A-41ED-939B-F19C257536A2}
		{04305E19-754E-48B1-A905-DC185F6F01B7} = {AE9594C3-3D8C-4CB0-88AB-E7DB358B98ED}
		{A77DADD0-8CB1-43E2-9907-635F590B0E13} = {AE9594C3-3D8C-4CB0-88AB-E7DB358B98ED}
		{5B9350BE-4C1A-4CB6-BD49-CD0E6D0C6123} = {AE9594C3-3D8C-4CB0-88AB-E7DB358B98ED}
		{55C668AB-C93F-45E5-BC49-8ADF3AB5BF3A} = {17B26E2F-A849-402A-9001-611380AC9442}
		{145AA2E0-72DE-4AC0-BEEE-BC7C469249B2} = {17B26E2F-A849-402A-9001-611380AC9442}
		{8078A82A-F888-476D-83FE-395D2B4003C9} = {17B26E2F-A849-402A-9001-611380AC9442}
		{EF881DAA-FBAB-40AF-9EF7-230D2914D0CE} = {17B26E2F-A849-402A-9001-611380AC9442}
		{589406E8-9A91-4083-AE65-DD0731178D1A} = {6A01EF33-ABE6-4D18-9525-AFA78C664186}
		{5C59CF0A-A0E1-4A74-A671-B70199085B1E} = {17B26E2F-A849-402A-9001-611380AC9442}
		{EB95F02E-3934-4967-8802-8DE85451832F} = {589406E8-9A91-4083-AE65-DD0731178D1A}
		{A2BDC9C8-E9E6-408E-8AD8-33C5BD6AAC1B} = {589406E8-9A91-4083-AE65-DD0731178D1A}
		{858FDFEC-B3CE-4B5A-A76E-C8E132B60387} = {589406E8-9A91-4083-AE65-DD0731178D1A}
		{EAE3F1A5-8FCB-48D4-A30A-842A458C9F4F} = {589406E8-9A91-4083-AE65-DD0731178D1A}
		{1656FD72-2C59-4A44-BF12-BAB87F4DF1F6} = {589406E8-9A91-4083-AE65-DD0731178D1A}
		{2965F6C3-133E-4F4A-BC39-05643431EDAB} = {589406E8-9A91-4083-AE65-DD0731178D1A}
		{190F5FEA-6B15-450F-8AD7-91194BBE2E68} = {589406E8-9A91-4083-AE65-DD0731178D1A}
		{AC1EE6C6-3C75-41AC-B644-553E19CE989E} = {589406E8-9A91-4083-AE65-DD0731178D1A}
		{5B81A7B3-7FB6-45F0-9575-324EB283EB07} = {589406E8-9A91-4083-AE65-DD0731178D1A}
		{9B2328C2-508A-49C9-99B1-780A5282ED75} = {589406E8-9A91-4083-AE65-DD0731178D1A}
		{F1C99FFB-66CD-473A-8C66-956B8A6D04A6} = {589406E8-9A91-4083-AE65-DD0731178D1A}
		{49281AE2-30E7-4FE1-A4BB-83F4FB6C8999} = {589406E8-9A91-4083-AE65-DD0731178D1A}
		{72156215-CA6C-4C2B-A9FE-DC519C1DACA9} = {17B26E2F-A849-402A-9001-611380AC9442}
		{BB21496A-6494-46B1-B6C3-DB9A22EB9BF3} = {6A01EF33-ABE6-4D18-9525-AFA78C664186}
		{C98A0DD5-CF2A-4E10-B849-B5E90CD9614D} = {6A01EF33-ABE6-4D18-9525-AFA78C664186}
		{17B26E2F-A849-402A-9001-611380AC9442} = {6A01EF33-ABE6-4D18-9525-AFA78C664186}
		{FE8334BD-B1FB-4C25-8952-6DF6DDDD7377} = {C98A0DD5-CF2A-4E10-B849-B5E90CD9614D}
		{2530D3F9-687F-4675-A0CB-363D9C0D1015} = {C98A0DD5-CF2A-4E10-B849-B5E90CD9614D}
		{45125BED-453E-4CFA-8334-23F4C76EC655} = {C98A0DD5-CF2A-4E10-B849-B5E90CD9614D}
		{AEB0941F-C278-4583-858F-6E5387E97C87} = {C98A0DD5-CF2A-4E10-B849-B5E90CD9614D}
		{37478A95-8F51-43C0-9D0E-0675A16279DE} = {C98A0DD5-CF2A-4E10-B849-B5E90CD9614D}
		{51F41B82-0DE4-43D8-B64D-5CA27AEB349E} = {C98A0DD5-CF2A-4E10-B849-B5E90CD9614D}
	EndGlobalSection
EndGlobal
